
Microsoft Visual Studio Solution File, Format Version 12.00
# Visual Studio Version 17
VisualStudioVersion = 17.14.36414.22
MinimumVisualStudioVersion = 10.0.40219.1
Project("{2150E333-8FDC-42A3-9474-1A3956D46DE8}") = "Services", "Services", "{02EA681E-C7D8-13C7-8484-4AC65E1B71E8}"
EndProject
Project("{2150E333-8FDC-42A3-9474-1A3956D46DE8}") = "Authentication", "Authentication", "{BC197A85-B6E8-4B93-B508-29041AE54866}"
EndProject
Project("{FAE04EC0-301F-11D3-BF4B-00C04F79EFBC}") = "Authentication.API", "Services\Authentication\Authentication.API\Authentication.API.csproj", "{3CE5D81C-6AD4-49E3-975F-698D71296888}"
EndProject
Project("{FAE04EC0-301F-11D3-BF4B-00C04F79EFBC}") = "Authentication.Application", "Services\Authentication\Authentication.Application\Authentication.Application.csproj", "{BF251719-13F4-46A1-A70F-11AF725D643A}"
EndProject
Project("{FAE04EC0-301F-11D3-BF4B-00C04F79EFBC}") = "Authentication.Domain", "Services\Authentication\Authentication.Domain\Authentication.Domain.csproj", "{10992A3F-E885-4094-A2EF-99B63772A4B4}"
EndProject
Project("{FAE04EC0-301F-11D3-BF4B-00C04F79EFBC}") = "Authentication.Infrastructure", "Services\Authentication\Authentication.Infrastructure\Authentication.Infrastructure.csproj", "{400E9FEF-4607-4CE8-8E44-1C8F27DC2403}"
EndProject
Project("{2150E333-8FDC-42A3-9474-1A3956D46DE8}") = "Customer", "Customer", "{6B85B80D-3DA8-47B1-A5C9-907B696378AC}"
EndProject
Project("{FAE04EC0-301F-11D3-BF4B-00C04F79EFBC}") = "Customer.API", "Services\Customer\Customer.API\Customer.API.csproj", "{643C06F6-17CB-45D7-8097-703EAC115D9A}"
EndProject
Project("{FAE04EC0-301F-11D3-BF4B-00C04F79EFBC}") = "Customer.Application", "Services\Customer\Customer.Application\Customer.Application.csproj", "{954321E2-051E-49E7-B6C8-7E6056C098E5}"
EndProject
Project("{FAE04EC0-301F-11D3-BF4B-00C04F79EFBC}") = "Customer.Domain", "Services\Customer\Customer.Domain\Customer.Domain.csproj", "{C044E03A-226A-4247-B9B8-DF030EA27F40}"
EndProject
Project("{FAE04EC0-301F-11D3-BF4B-00C04F79EFBC}") = "Customer.Infrastructure", "Services\Customer\Customer.Infrastructure\Customer.Infrastructure.csproj", "{30E6CC5E-8C5F-4316-AD8A-0018632DBB9B}"
EndProject
Project("{2150E333-8FDC-42A3-9474-1A3956D46DE8}") = "Loan", "Loan", "{4139FBF3-9A5F-4432-B8B5-4437BBEEEE71}"
EndProject
Project("{FAE04EC0-301F-11D3-BF4B-00C04F79EFBC}") = "Loan.API", "Services\Loan\Loan.API\Loan.API.csproj", "{8716E9AB-CB00-4234-AE0C-446EE56F6168}"
EndProject
Project("{FAE04EC0-301F-11D3-BF4B-00C04F79EFBC}") = "Loan.Application", "Services\Loan\Loan.Application\Loan.Application.csproj", "{CF87835B-E6C0-409B-9DB4-246D27D34511}"
EndProject
Project("{FAE04EC0-301F-11D3-BF4B-00C04F79EFBC}") = "Loan.Domain", "Services\Loan\Loan.Domain\Loan.Domain.csproj", "{6C1F0B2C-1B93-4731-994D-00F1434B43E3}"
EndProject
Project("{FAE04EC0-301F-11D3-BF4B-00C04F79EFBC}") = "Loan.Infrastructure", "Services\Loan\Loan.Infrastructure\Loan.Infrastructure.csproj", "{CA9EA061-1801-4897-AB7D-49583E12B525}"
EndProject
Project("{2150E333-8FDC-42A3-9474-1A3956D46DE8}") = "Document", "Document", "{560E22A1-C743-4C0F-A5D8-17EE6F1CF587}"
EndProject
Project("{FAE04EC0-301F-11D3-BF4B-00C04F79EFBC}") = "Document.API", "Services\Document\Document.API\Document.API.csproj", "{FDFF422F-CB9B-45B9-8DBD-9C6009C54D6D}"
EndProject
Project("{FAE04EC0-301F-11D3-BF4B-00C04F79EFBC}") = "Document.Application", "Services\Document\Document.Application\Document.Application.csproj", "{F18DC1E3-65D0-4DAA-8F94-687690AEEC94}"
EndProject
Project("{FAE04EC0-301F-11D3-BF4B-00C04F79EFBC}") = "Document.Domain", "Services\Document\Document.Domain\Document.Domain.csproj", "{C23B5FD4-582D-427F-8004-B61DAB1787AF}"
EndProject
Project("{FAE04EC0-301F-11D3-BF4B-00C04F79EFBC}") = "Document.Infrastructure", "Services\Document\Document.Infrastructure\Document.Infrastructure.csproj", "{0752F0E5-60F3-49AB-8378-75E3EA011D82}"
EndProject
Project("{2150E333-8FDC-42A3-9474-1A3956D46DE8}") = "Notification", "Notification", "{F2EAFF87-8D60-4F41-94D6-EE204668D94A}"
EndProject
Project("{FAE04EC0-301F-11D3-BF4B-00C04F79EFBC}") = "Notification.API", "Services\Notification\Notification.API\Notification.API.csproj", "{014CE95F-D549-4361-BB07-4BD1BFD012B0}"
EndProject
Project("{FAE04EC0-301F-11D3-BF4B-00C04F79EFBC}") = "Notification.Application", "Services\Notification\Notification.Application\Notification.Application.csproj", "{3D8437A7-D1F4-4EC4-86A7-CDC838AEDB6D}"
EndProject
Project("{FAE04EC0-301F-11D3-BF4B-00C04F79EFBC}") = "Notification.Domain", "Services\Notification\Notification.Domain\Notification.Domain.csproj", "{27CA18CA-53C2-427C-B8DF-B08765789E3F}"
EndProject
Project("{FAE04EC0-301F-11D3-BF4B-00C04F79EFBC}") = "Notification.Infrastructure", "Services\Notification\Notification.Infrastructure\Notification.Infrastructure.csproj", "{AFA89A37-0A11-40CA-9499-3AC62A5E777E}"
EndProject
Global
	GlobalSection(SolutionConfigurationPlatforms) = preSolution
		Debug|Any CPU = Debug|Any CPU
		Release|Any CPU = Release|Any CPU
	EndGlobalSection
	GlobalSection(ProjectConfigurationPlatforms) = postSolution
		{3CE5D81C-6AD4-49E3-975F-698D71296888}.Debug|Any CPU.ActiveCfg = Debug|Any CPU
		{3CE5D81C-6AD4-49E3-975F-698D71296888}.Debug|Any CPU.Build.0 = Debug|Any CPU
		{3CE5D81C-6AD4-49E3-975F-698D71296888}.Release|Any CPU.ActiveCfg = Release|Any CPU
		{3CE5D81C-6AD4-49E3-975F-698D71296888}.Release|Any CPU.Build.0 = Release|Any CPU
		{BF251719-13F4-46A1-A70F-11AF725D643A}.Debug|Any CPU.ActiveCfg = Debug|Any CPU
		{BF251719-13F4-46A1-A70F-11AF725D643A}.Debug|Any CPU.Build.0 = Debug|Any CPU
		{BF251719-13F4-46A1-A70F-11AF725D643A}.Release|Any CPU.ActiveCfg = Release|Any CPU
		{BF251719-13F4-46A1-A70F-11AF725D643A}.Release|Any CPU.Build.0 = Release|Any CPU
		{10992A3F-E885-4094-A2EF-99B63772A4B4}.Debug|Any CPU.ActiveCfg = Debug|Any CPU
		{10992A3F-E885-4094-A2EF-99B63772A4B4}.Debug|Any CPU.Build.0 = Debug|Any CPU
		{10992A3F-E885-4094-A2EF-99B63772A4B4}.Release|Any CPU.ActiveCfg = Release|Any CPU
		{10992A3F-E885-4094-A2EF-99B63772A4B4}.Release|Any CPU.Build.0 = Release|Any CPU
		{400E9FEF-4607-4CE8-8E44-1C8F27DC2403}.Debug|Any CPU.ActiveCfg = Debug|Any CPU
		{400E9FEF-4607-4CE8-8E44-1C8F27DC2403}.Debug|Any CPU.Build.0 = Debug|Any CPU
		{400E9FEF-4607-4CE8-8E44-1C8F27DC2403}.Release|Any CPU.ActiveCfg = Release|Any CPU
		{400E9FEF-4607-4CE8-8E44-1C8F27DC2403}.Release|Any CPU.Build.0 = Release|Any CPU
		{643C06F6-17CB-45D7-8097-703EAC115D9A}.Debug|Any CPU.ActiveCfg = Debug|Any CPU
		{643C06F6-17CB-45D7-8097-703EAC115D9A}.Debug|Any CPU.Build.0 = Debug|Any CPU
		{643C06F6-17CB-45D7-8097-703EAC115D9A}.Release|Any CPU.ActiveCfg = Release|Any CPU
		{643C06F6-17CB-45D7-8097-703EAC115D9A}.Release|Any CPU.Build.0 = Release|Any CPU
		{954321E2-051E-49E7-B6C8-7E6056C098E5}.Debug|Any CPU.ActiveCfg = Debug|Any CPU
		{954321E2-051E-49E7-B6C8-7E6056C098E5}.Debug|Any CPU.Build.0 = Debug|Any CPU
		{954321E2-051E-49E7-B6C8-7E6056C098E5}.Release|Any CPU.ActiveCfg = Release|Any CPU
		{954321E2-051E-49E7-B6C8-7E6056C098E5}.Release|Any CPU.Build.0 = Release|Any CPU
		{C044E03A-226A-4247-B9B8-DF030EA27F40}.Debug|Any CPU.ActiveCfg = Debug|Any CPU
		{C044E03A-226A-4247-B9B8-DF030EA27F40}.Debug|Any CPU.Build.0 = Debug|Any CPU
		{C044E03A-226A-4247-B9B8-DF030EA27F40}.Release|Any CPU.ActiveCfg = Release|Any CPU
		{C044E03A-226A-4247-B9B8-DF030EA27F40}.Release|Any CPU.Build.0 = Release|Any CPU
		{30E6CC5E-8C5F-4316-AD8A-0018632DBB9B}.Debug|Any CPU.ActiveCfg = Debug|Any CPU
		{30E6CC5E-8C5F-4316-AD8A-0018632DBB9B}.Debug|Any CPU.Build.0 = Debug|Any CPU
		{30E6CC5E-8C5F-4316-AD8A-0018632DBB9B}.Release|Any CPU.ActiveCfg = Release|Any CPU
		{30E6CC5E-8C5F-4316-AD8A-0018632DBB9B}.Release|Any CPU.Build.0 = Release|Any CPU
		{8716E9AB-CB00-4234-AE0C-446EE56F6168}.Debug|Any CPU.ActiveCfg = Debug|Any CPU
		{8716E9AB-CB00-4234-AE0C-446EE56F6168}.Debug|Any CPU.Build.0 = Debug|Any CPU
		{8716E9AB-CB00-4234-AE0C-446EE56F6168}.Release|Any CPU.ActiveCfg = Release|Any CPU
		{8716E9AB-CB00-4234-AE0C-446EE56F6168}.Release|Any CPU.Build.0 = Release|Any CPU
		{CF87835B-E6C0-409B-9DB4-246D27D34511}.Debug|Any CPU.ActiveCfg = Debug|Any CPU
		{CF87835B-E6C0-409B-9DB4-246D27D34511}.Debug|Any CPU.Build.0 = Debug|Any CPU
		{CF87835B-E6C0-409B-9DB4-246D27D34511}.Release|Any CPU.ActiveCfg = Release|Any CPU
		{CF87835B-E6C0-409B-9DB4-246D27D34511}.Release|Any CPU.Build.0 = Release|Any CPU
		{6C1F0B2C-1B93-4731-994D-00F1434B43E3}.Debug|Any CPU.ActiveCfg = Debug|Any CPU
		{6C1F0B2C-1B93-4731-994D-00F1434B43E3}.Debug|Any CPU.Build.0 = Debug|Any CPU
		{6C1F0B2C-1B93-4731-994D-00F1434B43E3}.Release|Any CPU.ActiveCfg = Release|Any CPU
		{6C1F0B2C-1B93-4731-994D-00F1434B43E3}.Release|Any CPU.Build.0 = Release|Any CPU
		{CA9EA061-1801-4897-AB7D-49583E12B525}.Debug|Any CPU.ActiveCfg = Debug|Any CPU
		{CA9EA061-1801-4897-AB7D-49583E12B525}.Debug|Any CPU.Build.0 = Debug|Any CPU
		{CA9EA061-1801-4897-AB7D-49583E12B525}.Release|Any CPU.ActiveCfg = Release|Any CPU
		{CA9EA061-1801-4897-AB7D-49583E12B525}.Release|Any CPU.Build.0 = Release|Any CPU
		{FDFF422F-CB9B-45B9-8DBD-9C6009C54D6D}.Debug|Any CPU.ActiveCfg = Debug|Any CPU
		{FDFF422F-CB9B-45B9-8DBD-9C6009C54D6D}.Debug|Any CPU.Build.0 = Debug|Any CPU
		{FDFF422F-CB9B-45B9-8DBD-9C6009C54D6D}.Release|Any CPU.ActiveCfg = Release|Any CPU
		{FDFF422F-CB9B-45B9-8DBD-9C6009C54D6D}.Release|Any CPU.Build.0 = Release|Any CPU
		{F18DC1E3-65D0-4DAA-8F94-687690AEEC94}.Debug|Any CPU.ActiveCfg = Debug|Any CPU
		{F18DC1E3-65D0-4DAA-8F94-687690AEEC94}.Debug|Any CPU.Build.0 = Debug|Any CPU
		{F18DC1E3-65D0-4DAA-8F94-687690AEEC94}.Release|Any CPU.ActiveCfg = Release|Any CPU
		{F18DC1E3-65D0-4DAA-8F94-687690AEEC94}.Release|Any CPU.Build.0 = Release|Any CPU
		{C23B5FD4-582D-427F-8004-B61DAB1787AF}.Debug|Any CPU.ActiveCfg = Debug|Any CPU
		{C23B5FD4-582D-427F-8004-B61DAB1787AF}.Debug|Any CPU.Build.0 = Debug|Any CPU
		{C23B5FD4-582D-427F-8004-B61DAB1787AF}.Release|Any CPU.ActiveCfg = Release|Any CPU
		{C23B5FD4-582D-427F-8004-B61DAB1787AF}.Release|Any CPU.Build.0 = Release|Any CPU
		{0752F0E5-60F3-49AB-8378-75E3EA011D82}.Debug|Any CPU.ActiveCfg = Debug|Any CPU
		{0752F0E5-60F3-49AB-8378-75E3EA011D82}.Debug|Any CPU.Build.0 = Debug|Any CPU
		{0752F0E5-60F3-49AB-8378-75E3EA011D82}.Release|Any CPU.ActiveCfg = Release|Any CPU
		{0752F0E5-60F3-49AB-8378-75E3EA011D82}.Release|Any CPU.Build.0 = Release|Any CPU
		{014CE95F-D549-4361-BB07-4BD1BFD012B0}.Debug|Any CPU.ActiveCfg = Debug|Any CPU
		{014CE95F-D549-4361-BB07-4BD1BFD012B0}.Debug|Any CPU.Build.0 = Debug|Any CPU
		{014CE95F-D549-4361-BB07-4BD1BFD012B0}.Release|Any CPU.ActiveCfg = Release|Any CPU
		{014CE95F-D549-4361-BB07-4BD1BFD012B0}.Release|Any CPU.Build.0 = Release|Any CPU
		{3D8437A7-D1F4-4EC4-86A7-CDC838AEDB6D}.Debug|Any CPU.ActiveCfg = Debug|Any CPU
		{3D8437A7-D1F4-4EC4-86A7-CDC838AEDB6D}.Debug|Any CPU.Build.0 = Debug|Any CPU
		{3D8437A7-D1F4-4EC4-86A7-CDC838AEDB6D}.Release|Any CPU.ActiveCfg = Release|Any CPU
		{3D8437A7-D1F4-4EC4-86A7-CDC838AEDB6D}.Release|Any CPU.Build.0 = Release|Any CPU
		{27CA18CA-53C2-427C-B8DF-B08765789E3F}.Debug|Any CPU.ActiveCfg = Debug|Any CPU
		{27CA18CA-53C2-427C-B8DF-B08765789E3F}.Debug|Any CPU.Build.0 = Debug|Any CPU
		{27CA18CA-53C2-427C-B8DF-B08765789E3F}.Release|Any CPU.ActiveCfg = Release|Any CPU
		{27CA18CA-53C2-427C-B8DF-B08765789E3F}.Release|Any CPU.Build.0 = Release|Any CPU
		{AFA89A37-0A11-40CA-9499-3AC62A5E777E}.Debug|Any CPU.ActiveCfg = Debug|Any CPU
		{AFA89A37-0A11-40CA-9499-3AC62A5E777E}.Debug|Any CPU.Build.0 = Debug|Any CPU
		{AFA89A37-0A11-40CA-9499-3AC62A5E777E}.Release|Any CPU.ActiveCfg = Release|Any CPU
		{AFA89A37-0A11-40CA-9499-3AC62A5E777E}.Release|Any CPU.Build.0 = Release|Any CPU
	EndGlobalSection
	GlobalSection(SolutionProperties) = preSolution
		HideSolutionNode = FALSE
	EndGlobalSection
	GlobalSection(NestedProjects) = preSolution
		{BC197A85-B6E8-4B93-B508-29041AE54866} = {02EA681E-C7D8-13C7-8484-4AC65E1B71E8}
		{3CE5D81C-6AD4-49E3-975F-698D71296888} = {BC197A85-B6E8-4B93-B508-29041AE54866}
		{BF251719-13F4-46A1-A70F-11AF725D643A} = {BC197A85-B6E8-4B93-B508-29041AE54866}
		{10992A3F-E885-4094-A2EF-99B63772A4B4} = {BC197A85-B6E8-4B93-B508-29041AE54866}
		{400E9FEF-4607-4CE8-8E44-1C8F27DC2403} = {BC197A85-B6E8-4B93-B508-29041AE54866}
		{6B85B80D-3DA8-47B1-A5C9-907B696378AC} = {02EA681E-C7D8-13C7-8484-4AC65E1B71E8}
		{643C06F6-17CB-45D7-8097-703EAC115D9A} = {6B85B80D-3DA8-47B1-A5C9-907B696378AC}
		{954321E2-051E-49E7-B6C8-7E6056C098E5} = {6B85B80D-3DA8-47B1-A5C9-907B696378AC}
		{C044E03A-226A-4247-B9B8-DF030EA27F40} = {6B85B80D-3DA8-47B1-A5C9-907B696378AC}
		{30E6CC5E-8C5F-4316-AD8A-0018632DBB9B} = {6B85B80D-3DA8-47B1-A5C9-907B696378AC}
		{4139FBF3-9A5F-4432-B8B5-4437BBEEEE71} = {02EA681E-C7D8-13C7-8484-4AC65E1B71E8}
		{8716E9AB-CB00-4234-AE0C-446EE56F6168} = {4139FBF3-9A5F-4432-B8B5-4437BBEEEE71}
		{CF87835B-E6C0-409B-9DB4-246D27D34511} = {4139FBF3-9A5F-4432-B8B5-4437BBEEEE71}
		{6C1F0B2C-1B93-4731-994D-00F1434B43E3} = {4139FBF3-9A5F-4432-B8B5-4437BBEEEE71}
		{CA9EA061-1801-4897-AB7D-49583E12B525} = {4139FBF3-9A5F-4432-B8B5-4437BBEEEE71}
		{560E22A1-C743-4C0F-A5D8-17EE6F1CF587} = {02EA681E-C7D8-13C7-8484-4AC65E1B71E8}
		{FDFF422F-CB9B-45B9-8DBD-9C6009C54D6D} = {560E22A1-C743-4C0F-A5D8-17EE6F1CF587}
		{F18DC1E3-65D0-4DAA-8F94-687690AEEC94} = {560E22A1-C743-4C0F-A5D8-17EE6F1CF587}
		{C23B5FD4-582D-427F-8004-B61DAB1787AF} = {560E22A1-C743-4C0F-A5D8-17EE6F1CF587}
		{0752F0E5-60F3-49AB-8378-75E3EA011D82} = {560E22A1-C743-4C0F-A5D8-17EE6F1CF587}
		{F2EAFF87-8D60-4F41-94D6-EE204668D94A} = {02EA681E-C7D8-13C7-8484-4AC65E1B71E8}
		{014CE95F-D549-4361-BB07-4BD1BFD012B0} = {F2EAFF87-8D60-4F41-94D6-EE204668D94A}
		{3D8437A7-D1F4-4EC4-86A7-CDC838AEDB6D} = {F2EAFF87-8D60-4F41-94D6-EE204668D94A}
		{27CA18CA-53C2-427C-B8DF-B08765789E3F} = {F2EAFF87-8D60-4F41-94D6-EE204668D94A}
		{AFA89A37-0A11-40CA-9499-3AC62A5E777E} = {F2EAFF87-8D60-4F41-94D6-EE204668D94A}
	EndGlobalSection
	GlobalSection(ExtensibilityGlobals) = postSolution
		SolutionGuid = {B79101FC-D52C-4232-8955-A9C3BD0E458B}
	EndGlobalSection
EndGlobal
